
Microsoft Visual Studio Solution File, Format Version 12.00
Project("{8BC9CEB8-8B4A-11D0-8D11-00A0C91BC942}") = "Cour", "Cour\Cour.vcxproj", "{3588BED0-A88F-4A57-B11D-1C656459DA36}"
EndProject
Global
	GlobalSection(SolutionConfigurationPlatforms) = preSolution
		Debug|Win32 = Debug|Win32
		Debug|x64 = Debug|x64
		Release|Win32 = Release|Win32
		Release|x64 = Release|x64
	EndGlobalSection
	GlobalSection(ProjectConfigurationPlatforms) = postSolution
		{3588BED0-A88F-4A57-B11D-1C656459DA36}.Debug|Win32.ActiveCfg = Debug|Win32
		{3588BED0-A88F-4A57-B11D-1C656459DA36}.Debug|Win32.Build.0 = Debug|Win32
		{3588BED0-A88F-4A57-B11D-1C656459DA36}.Debug|x64.ActiveCfg = Debug|x64
		{3588BED0-A88F-4A57-B11D-1C656459DA36}.Debug|x64.Build.0 = Debug|x64
		{3588BED0-A88F-4A57-B11D-1C656459DA36}.Release|Win32.ActiveCfg = Release|Win32
		{3588BED0-A88F-4A57-B11D-1C656459DA36}.Release|Win32.Build.0 = Release|Win32
		{3588BED0-A88F-4A57-B11D-1C656459DA36}.Release|x64.ActiveCfg = Release|x64
		{3588BED0-A88F-4A57-B11D-1C656459DA36}.Release|x64.Build.0 = Release|x64
	EndGlobalSection
EndGlobal
